
Microsoft Visual Studio Solution File, Format Version 12.00
# Visual Studio Version 16
VisualStudioVersion = 16.0.30002.166
MinimumVisualStudioVersion = 10.0.40219.1
Project("{FAE04EC0-301F-11D3-BF4B-00C04F79EFBC}") = "Taskify", "Taskify\Taskify.csproj", "{6F965FB5-D8BE-45B7-83D0-116909065338}"
EndProject
Project("{9A19103F-16F7-4668-BE54-9A1E7A4F7556}") = "Taskify.Data", "..\..\Taskify.Data\Taskify.Data\Taskify.Data.csproj", "{1629FFA3-4969-493A-A26C-5AE8A35E87C8}"
EndProject
Global
	GlobalSection(SolutionConfigurationPlatforms) = preSolution
		Debug|Any CPU = Debug|Any CPU
		Release|Any CPU = Release|Any CPU
	EndGlobalSection
	GlobalSection(ProjectConfigurationPlatforms) = postSolution
		{6F965FB5-D8BE-45B7-83D0-116909065338}.Debug|Any CPU.ActiveCfg = Debug|Any CPU
		{6F965FB5-D8BE-45B7-83D0-116909065338}.Debug|Any CPU.Build.0 = Debug|Any CPU
		{6F965FB5-D8BE-45B7-83D0-116909065338}.Release|Any CPU.ActiveCfg = Release|Any CPU
		{6F965FB5-D8BE-45B7-83D0-116909065338}.Release|Any CPU.Build.0 = Release|Any CPU
		{1629FFA3-4969-493A-A26C-5AE8A35E87C8}.Debug|Any CPU.ActiveCfg = Debug|Any CPU
		{1629FFA3-4969-493A-A26C-5AE8A35E87C8}.Debug|Any CPU.Build.0 = Debug|Any CPU
		{1629FFA3-4969-493A-A26C-5AE8A35E87C8}.Release|Any CPU.ActiveCfg = Release|Any CPU
		{1629FFA3-4969-493A-A26C-5AE8A35E87C8}.Release|Any CPU.Build.0 = Release|Any CPU
	EndGlobalSection
	GlobalSection(SolutionProperties) = preSolution
		HideSolutionNode = FALSE
	EndGlobalSection
	GlobalSection(ExtensibilityGlobals) = postSolution
		SolutionGuid = {65D96CCF-B2FA-433F-9A2D-86EA7B8E41ED}
	EndGlobalSection
EndGlobal
