
Microsoft Visual Studio Solution File, Format Version 12.00
# Visual Studio Version 16
VisualStudioVersion = 16.0.30225.117
MinimumVisualStudioVersion = 10.0.40219.1
Project("{9A19103F-16F7-4668-BE54-9A1E7A4F7556}") = "Taskify", "Taskify\Taskify.csproj", "{7D89386F-0DC4-4ED2-AB80-4016AA062456}"
EndProject
Project("{9A19103F-16F7-4668-BE54-9A1E7A4F7556}") = "Taskify.WebAssembly.Server", "Taskify.WebAssembly\Server\Taskify.WebAssembly.Server.csproj", "{F598D577-E85C-438A-A0C7-48CBD7A77728}"
EndProject
Project("{9A19103F-16F7-4668-BE54-9A1E7A4F7556}") = "Taskify.WebAssembly.Client", "Taskify.WebAssembly\Client\Taskify.WebAssembly.Client.csproj", "{241A2364-F884-4BA0-9017-0CECADCB12D6}"
EndProject
Project("{9A19103F-16F7-4668-BE54-9A1E7A4F7556}") = "Taskify.Service.Client", "..\..\Taskify.Service.Client\Taskify.Service.Client\Taskify.Service.Client.csproj", "{CCE78F8B-3940-41F5-8B30-8564864789A8}"
EndProject
Project("{9A19103F-16F7-4668-BE54-9A1E7A4F7556}") = "Taskify.WebAssembly.Shared", "Taskify.WebAssembly\Shared\Taskify.WebAssembly.Shared.csproj", "{0A580E0A-DF09-474A-B8A5-42F47C314A70}"
EndProject
Global
	GlobalSection(SolutionConfigurationPlatforms) = preSolution
		Debug|Any CPU = Debug|Any CPU
		Release|Any CPU = Release|Any CPU
	EndGlobalSection
	GlobalSection(ProjectConfigurationPlatforms) = postSolution
		{7D89386F-0DC4-4ED2-AB80-4016AA062456}.Debug|Any CPU.ActiveCfg = Debug|Any CPU
		{7D89386F-0DC4-4ED2-AB80-4016AA062456}.Debug|Any CPU.Build.0 = Debug|Any CPU
		{7D89386F-0DC4-4ED2-AB80-4016AA062456}.Release|Any CPU.ActiveCfg = Release|Any CPU
		{7D89386F-0DC4-4ED2-AB80-4016AA062456}.Release|Any CPU.Build.0 = Release|Any CPU
		{F598D577-E85C-438A-A0C7-48CBD7A77728}.Debug|Any CPU.ActiveCfg = Debug|Any CPU
		{F598D577-E85C-438A-A0C7-48CBD7A77728}.Debug|Any CPU.Build.0 = Debug|Any CPU
		{F598D577-E85C-438A-A0C7-48CBD7A77728}.Release|Any CPU.ActiveCfg = Release|Any CPU
		{F598D577-E85C-438A-A0C7-48CBD7A77728}.Release|Any CPU.Build.0 = Release|Any CPU
		{241A2364-F884-4BA0-9017-0CECADCB12D6}.Debug|Any CPU.ActiveCfg = Debug|Any CPU
		{241A2364-F884-4BA0-9017-0CECADCB12D6}.Debug|Any CPU.Build.0 = Debug|Any CPU
		{241A2364-F884-4BA0-9017-0CECADCB12D6}.Release|Any CPU.ActiveCfg = Release|Any CPU
		{241A2364-F884-4BA0-9017-0CECADCB12D6}.Release|Any CPU.Build.0 = Release|Any CPU
		{CCE78F8B-3940-41F5-8B30-8564864789A8}.Debug|Any CPU.ActiveCfg = Debug|Any CPU
		{CCE78F8B-3940-41F5-8B30-8564864789A8}.Debug|Any CPU.Build.0 = Debug|Any CPU
		{CCE78F8B-3940-41F5-8B30-8564864789A8}.Release|Any CPU.ActiveCfg = Release|Any CPU
		{CCE78F8B-3940-41F5-8B30-8564864789A8}.Release|Any CPU.Build.0 = Release|Any CPU
		{0A580E0A-DF09-474A-B8A5-42F47C314A70}.Debug|Any CPU.ActiveCfg = Debug|Any CPU
		{0A580E0A-DF09-474A-B8A5-42F47C314A70}.Debug|Any CPU.Build.0 = Debug|Any CPU
		{0A580E0A-DF09-474A-B8A5-42F47C314A70}.Release|Any CPU.ActiveCfg = Release|Any CPU
		{0A580E0A-DF09-474A-B8A5-42F47C314A70}.Release|Any CPU.Build.0 = Release|Any CPU
	EndGlobalSection
	GlobalSection(SolutionProperties) = preSolution
		HideSolutionNode = FALSE
	EndGlobalSection
	GlobalSection(ExtensibilityGlobals) = postSolution
		SolutionGuid = {D618160C-D7C1-41CB-A46A-80C52421CDBB}
	EndGlobalSection
EndGlobal
