
Microsoft Visual Studio Solution File, Format Version 12.00
# Visual Studio Version 16
VisualStudioVersion = 16.0.30225.117
MinimumVisualStudioVersion = 10.0.40219.1
Project("{9A19103F-16F7-4668-BE54-9A1E7A4F7556}") = "Taskify", "Taskify\Taskify.csproj", "{DC2838AB-4BCC-41C5-9C94-5B0F818E4F5C}"
EndProject
Project("{FAE04EC0-301F-11D3-BF4B-00C04F79EFBC}") = "TaskifyServer", "TaskifyServer\TaskifyServer.csproj", "{0C5C06DB-78E0-4063-B70D-27E056DE23E2}"
EndProject
Global
	GlobalSection(SolutionConfigurationPlatforms) = preSolution
		Debug|Any CPU = Debug|Any CPU
		Release|Any CPU = Release|Any CPU
	EndGlobalSection
	GlobalSection(ProjectConfigurationPlatforms) = postSolution
		{DC2838AB-4BCC-41C5-9C94-5B0F818E4F5C}.Debug|Any CPU.ActiveCfg = Debug|Any CPU
		{DC2838AB-4BCC-41C5-9C94-5B0F818E4F5C}.Debug|Any CPU.Build.0 = Debug|Any CPU
		{DC2838AB-4BCC-41C5-9C94-5B0F818E4F5C}.Release|Any CPU.ActiveCfg = Release|Any CPU
		{DC2838AB-4BCC-41C5-9C94-5B0F818E4F5C}.Release|Any CPU.Build.0 = Release|Any CPU
		{0C5C06DB-78E0-4063-B70D-27E056DE23E2}.Debug|Any CPU.ActiveCfg = Debug|Any CPU
		{0C5C06DB-78E0-4063-B70D-27E056DE23E2}.Debug|Any CPU.Build.0 = Debug|Any CPU
		{0C5C06DB-78E0-4063-B70D-27E056DE23E2}.Release|Any CPU.ActiveCfg = Release|Any CPU
		{0C5C06DB-78E0-4063-B70D-27E056DE23E2}.Release|Any CPU.Build.0 = Release|Any CPU
	EndGlobalSection
	GlobalSection(SolutionProperties) = preSolution
		HideSolutionNode = FALSE
	EndGlobalSection
	GlobalSection(ExtensibilityGlobals) = postSolution
		SolutionGuid = {290EC4B5-ADC9-4EF4-B94A-98C138C3A5E8}
	EndGlobalSection
EndGlobal
