
Microsoft Visual Studio Solution File, Format Version 12.00
# Visual Studio Version 16
VisualStudioVersion = 16.0.30225.117
MinimumVisualStudioVersion = 10.0.40219.1
Project("{FAE04EC0-301F-11D3-BF4B-00C04F79EFBC}") = "Taskify.Server", "Taskify\Server\Taskify.Server.csproj", "{201574E4-7C15-4F9E-84C7-6D4311F88819}"
EndProject
Project("{FAE04EC0-301F-11D3-BF4B-00C04F79EFBC}") = "Taskify.Client", "Taskify\Client\Taskify.Client.csproj", "{A5D30A4F-74AB-4968-943C-63DEA70B29ED}"
EndProject
Project("{FAE04EC0-301F-11D3-BF4B-00C04F79EFBC}") = "Taskify.Shared", "Taskify\Shared\Taskify.Shared.csproj", "{704E1356-7294-470D-8EE5-F372F7329585}"
EndProject
Project("{2150E333-8FDC-42A3-9474-1A3956D46DE8}") = "Solution Items", "Solution Items", "{3C3BA60E-B4BF-4D00-BE29-1B4E28448B06}"
	ProjectSection(SolutionItems) = preProject
		.editorconfig = .editorconfig
	EndProjectSection
EndProject
Global
	GlobalSection(SolutionConfigurationPlatforms) = preSolution
		Debug|Any CPU = Debug|Any CPU
		Release|Any CPU = Release|Any CPU
	EndGlobalSection
	GlobalSection(ProjectConfigurationPlatforms) = postSolution
		{201574E4-7C15-4F9E-84C7-6D4311F88819}.Debug|Any CPU.ActiveCfg = Debug|Any CPU
		{201574E4-7C15-4F9E-84C7-6D4311F88819}.Debug|Any CPU.Build.0 = Debug|Any CPU
		{201574E4-7C15-4F9E-84C7-6D4311F88819}.Release|Any CPU.ActiveCfg = Release|Any CPU
		{201574E4-7C15-4F9E-84C7-6D4311F88819}.Release|Any CPU.Build.0 = Release|Any CPU
		{A5D30A4F-74AB-4968-943C-63DEA70B29ED}.Debug|Any CPU.ActiveCfg = Debug|Any CPU
		{A5D30A4F-74AB-4968-943C-63DEA70B29ED}.Debug|Any CPU.Build.0 = Debug|Any CPU
		{A5D30A4F-74AB-4968-943C-63DEA70B29ED}.Release|Any CPU.ActiveCfg = Release|Any CPU
		{A5D30A4F-74AB-4968-943C-63DEA70B29ED}.Release|Any CPU.Build.0 = Release|Any CPU
		{704E1356-7294-470D-8EE5-F372F7329585}.Debug|Any CPU.ActiveCfg = Debug|Any CPU
		{704E1356-7294-470D-8EE5-F372F7329585}.Debug|Any CPU.Build.0 = Debug|Any CPU
		{704E1356-7294-470D-8EE5-F372F7329585}.Release|Any CPU.ActiveCfg = Release|Any CPU
		{704E1356-7294-470D-8EE5-F372F7329585}.Release|Any CPU.Build.0 = Release|Any CPU
	EndGlobalSection
	GlobalSection(SolutionProperties) = preSolution
		HideSolutionNode = FALSE
	EndGlobalSection
	GlobalSection(ExtensibilityGlobals) = postSolution
		SolutionGuid = {5E359768-B247-4FCE-834F-C9187C2E912A}
	EndGlobalSection
EndGlobal
