
Microsoft Visual Studio Solution File, Format Version 12.00
# Visual Studio Version 16
VisualStudioVersion = 16.0.30002.166
MinimumVisualStudioVersion = 10.0.40219.1
Project("{FAE04EC0-301F-11D3-BF4B-00C04F79EFBC}") = "Taskify.GTK", "Taskify.GTK\Taskify.GTK.csproj", "{6931D879-0D34-49F7-ACE9-0CB2C66A2019}"
EndProject
Project("{9A19103F-16F7-4668-BE54-9A1E7A4F7556}") = "Taskify", "..\..\..\Taskify for Mobile\Taskify\Taskify\Taskify\Taskify.csproj", "{24526E55-B3A2-4731-95E4-8486B4824D78}"
EndProject
Project("{9A19103F-16F7-4668-BE54-9A1E7A4F7556}") = "Taskify.Data", "..\..\..\Taskify.Data\Taskify.Data\Taskify.Data.csproj", "{1F9A8A22-5AD4-4FCB-827E-1F4D99F572E7}"
EndProject
Global
	GlobalSection(SolutionConfigurationPlatforms) = preSolution
		Debug|Any CPU = Debug|Any CPU
		Release|Any CPU = Release|Any CPU
	EndGlobalSection
	GlobalSection(ProjectConfigurationPlatforms) = postSolution
		{6931D879-0D34-49F7-ACE9-0CB2C66A2019}.Debug|Any CPU.ActiveCfg = Debug|Any CPU
		{6931D879-0D34-49F7-ACE9-0CB2C66A2019}.Debug|Any CPU.Build.0 = Debug|Any CPU
		{6931D879-0D34-49F7-ACE9-0CB2C66A2019}.Release|Any CPU.ActiveCfg = Release|Any CPU
		{6931D879-0D34-49F7-ACE9-0CB2C66A2019}.Release|Any CPU.Build.0 = Release|Any CPU
		{24526E55-B3A2-4731-95E4-8486B4824D78}.Debug|Any CPU.ActiveCfg = Debug|Any CPU
		{24526E55-B3A2-4731-95E4-8486B4824D78}.Debug|Any CPU.Build.0 = Debug|Any CPU
		{24526E55-B3A2-4731-95E4-8486B4824D78}.Release|Any CPU.ActiveCfg = Release|Any CPU
		{24526E55-B3A2-4731-95E4-8486B4824D78}.Release|Any CPU.Build.0 = Release|Any CPU
		{1F9A8A22-5AD4-4FCB-827E-1F4D99F572E7}.Debug|Any CPU.ActiveCfg = Debug|Any CPU
		{1F9A8A22-5AD4-4FCB-827E-1F4D99F572E7}.Debug|Any CPU.Build.0 = Debug|Any CPU
		{1F9A8A22-5AD4-4FCB-827E-1F4D99F572E7}.Release|Any CPU.ActiveCfg = Release|Any CPU
		{1F9A8A22-5AD4-4FCB-827E-1F4D99F572E7}.Release|Any CPU.Build.0 = Release|Any CPU
	EndGlobalSection
	GlobalSection(SolutionProperties) = preSolution
		HideSolutionNode = FALSE
	EndGlobalSection
	GlobalSection(ExtensibilityGlobals) = postSolution
		SolutionGuid = {4303B41C-585C-489A-904B-1156C6387DE0}
	EndGlobalSection
EndGlobal
