
Microsoft Visual Studio Solution File, Format Version 12.00
# Visual Studio Version 16
VisualStudioVersion = 16.0.30406.217
MinimumVisualStudioVersion = 10.0.40219.1
Project("{FAE04EC0-301F-11D3-BF4B-00C04F79EFBC}") = "Taskify", "Taskify\Taskify.csproj", "{1C07867F-2087-4198-86FD-E8CDF889073B}"
EndProject
Global
	GlobalSection(SolutionConfigurationPlatforms) = preSolution
		Debug|Any CPU = Debug|Any CPU
		Release|Any CPU = Release|Any CPU
	EndGlobalSection
	GlobalSection(ProjectConfigurationPlatforms) = postSolution
		{1C07867F-2087-4198-86FD-E8CDF889073B}.Debug|Any CPU.ActiveCfg = Debug|Any CPU
		{1C07867F-2087-4198-86FD-E8CDF889073B}.Debug|Any CPU.Build.0 = Debug|Any CPU
		{1C07867F-2087-4198-86FD-E8CDF889073B}.Release|Any CPU.ActiveCfg = Release|Any CPU
		{1C07867F-2087-4198-86FD-E8CDF889073B}.Release|Any CPU.Build.0 = Release|Any CPU
	EndGlobalSection
	GlobalSection(SolutionProperties) = preSolution
		HideSolutionNode = FALSE
	EndGlobalSection
	GlobalSection(ExtensibilityGlobals) = postSolution
		SolutionGuid = {5770961A-B4D9-482A-AD6C-2E55DABC3663}
	EndGlobalSection
EndGlobal
