
Microsoft Visual Studio Solution File, Format Version 12.00
# Visual Studio Version 16
VisualStudioVersion = 16.0.30002.166
MinimumVisualStudioVersion = 10.0.40219.1
Project("{FAE04EC0-301F-11D3-BF4B-00C04F79EFBC}") = "Taskify.Android", "Taskify\Taskify.Android\Taskify.Android.csproj", "{ADC51DAB-0DD2-4ED9-85C6-E4B772A0B3E5}"
EndProject
Project("{FAE04EC0-301F-11D3-BF4B-00C04F79EFBC}") = "Taskify.iOS", "Taskify\Taskify.iOS\Taskify.iOS.csproj", "{E1503291-6B8F-4FA0-ACFB-CC9BB47714A2}"
EndProject
Project("{9A19103F-16F7-4668-BE54-9A1E7A4F7556}") = "Taskify", "Taskify\Taskify\Taskify.csproj", "{7CA02976-2E32-429B-9602-C3F598B80515}"
EndProject
Project("{9A19103F-16F7-4668-BE54-9A1E7A4F7556}") = "Taskify.Service.Client", "..\..\Taskify.Service.Client\Taskify.Service.Client\Taskify.Service.Client.csproj", "{21548D46-C892-470B-BE5B-6789D9EE88FB}"
EndProject
Project("{9A19103F-16F7-4668-BE54-9A1E7A4F7556}") = "Taskify.Data", "..\..\Taskify.Data\Taskify.Data\Taskify.Data.csproj", "{B42AF9FD-01B4-47E2-AB3B-69870D1FBAC0}"
EndProject
Global
	GlobalSection(SolutionConfigurationPlatforms) = preSolution
		Debug|Any CPU = Debug|Any CPU
		Debug|iPhone = Debug|iPhone
		Debug|iPhoneSimulator = Debug|iPhoneSimulator
		Release|Any CPU = Release|Any CPU
		Release|iPhone = Release|iPhone
		Release|iPhoneSimulator = Release|iPhoneSimulator
	EndGlobalSection
	GlobalSection(ProjectConfigurationPlatforms) = postSolution
		{ADC51DAB-0DD2-4ED9-85C6-E4B772A0B3E5}.Debug|Any CPU.ActiveCfg = Debug|Any CPU
		{ADC51DAB-0DD2-4ED9-85C6-E4B772A0B3E5}.Debug|Any CPU.Build.0 = Debug|Any CPU
		{ADC51DAB-0DD2-4ED9-85C6-E4B772A0B3E5}.Debug|Any CPU.Deploy.0 = Debug|Any CPU
		{ADC51DAB-0DD2-4ED9-85C6-E4B772A0B3E5}.Debug|iPhone.ActiveCfg = Debug|Any CPU
		{ADC51DAB-0DD2-4ED9-85C6-E4B772A0B3E5}.Debug|iPhone.Build.0 = Debug|Any CPU
		{ADC51DAB-0DD2-4ED9-85C6-E4B772A0B3E5}.Debug|iPhone.Deploy.0 = Debug|Any CPU
		{ADC51DAB-0DD2-4ED9-85C6-E4B772A0B3E5}.Debug|iPhoneSimulator.ActiveCfg = Debug|Any CPU
		{ADC51DAB-0DD2-4ED9-85C6-E4B772A0B3E5}.Debug|iPhoneSimulator.Build.0 = Debug|Any CPU
		{ADC51DAB-0DD2-4ED9-85C6-E4B772A0B3E5}.Debug|iPhoneSimulator.Deploy.0 = Debug|Any CPU
		{ADC51DAB-0DD2-4ED9-85C6-E4B772A0B3E5}.Release|Any CPU.ActiveCfg = Release|Any CPU
		{ADC51DAB-0DD2-4ED9-85C6-E4B772A0B3E5}.Release|Any CPU.Build.0 = Release|Any CPU
		{ADC51DAB-0DD2-4ED9-85C6-E4B772A0B3E5}.Release|Any CPU.Deploy.0 = Release|Any CPU
		{ADC51DAB-0DD2-4ED9-85C6-E4B772A0B3E5}.Release|iPhone.ActiveCfg = Release|Any CPU
		{ADC51DAB-0DD2-4ED9-85C6-E4B772A0B3E5}.Release|iPhone.Build.0 = Release|Any CPU
		{ADC51DAB-0DD2-4ED9-85C6-E4B772A0B3E5}.Release|iPhone.Deploy.0 = Release|Any CPU
		{ADC51DAB-0DD2-4ED9-85C6-E4B772A0B3E5}.Release|iPhoneSimulator.ActiveCfg = Release|Any CPU
		{ADC51DAB-0DD2-4ED9-85C6-E4B772A0B3E5}.Release|iPhoneSimulator.Build.0 = Release|Any CPU
		{ADC51DAB-0DD2-4ED9-85C6-E4B772A0B3E5}.Release|iPhoneSimulator.Deploy.0 = Release|Any CPU
		{E1503291-6B8F-4FA0-ACFB-CC9BB47714A2}.Debug|Any CPU.ActiveCfg = Debug|iPhone
		{E1503291-6B8F-4FA0-ACFB-CC9BB47714A2}.Debug|Any CPU.Build.0 = Debug|iPhone
		{E1503291-6B8F-4FA0-ACFB-CC9BB47714A2}.Debug|Any CPU.Deploy.0 = Debug|iPhone
		{E1503291-6B8F-4FA0-ACFB-CC9BB47714A2}.Debug|iPhone.ActiveCfg = Debug|iPhone
		{E1503291-6B8F-4FA0-ACFB-CC9BB47714A2}.Debug|iPhone.Build.0 = Debug|iPhone
		{E1503291-6B8F-4FA0-ACFB-CC9BB47714A2}.Debug|iPhone.Deploy.0 = Debug|iPhone
		{E1503291-6B8F-4FA0-ACFB-CC9BB47714A2}.Debug|iPhoneSimulator.ActiveCfg = Debug|iPhoneSimulator
		{E1503291-6B8F-4FA0-ACFB-CC9BB47714A2}.Debug|iPhoneSimulator.Build.0 = Debug|iPhoneSimulator
		{E1503291-6B8F-4FA0-ACFB-CC9BB47714A2}.Debug|iPhoneSimulator.Deploy.0 = Debug|iPhoneSimulator
		{E1503291-6B8F-4FA0-ACFB-CC9BB47714A2}.Release|Any CPU.ActiveCfg = Release|iPhone
		{E1503291-6B8F-4FA0-ACFB-CC9BB47714A2}.Release|Any CPU.Build.0 = Release|iPhone
		{E1503291-6B8F-4FA0-ACFB-CC9BB47714A2}.Release|Any CPU.Deploy.0 = Release|iPhone
		{E1503291-6B8F-4FA0-ACFB-CC9BB47714A2}.Release|iPhone.ActiveCfg = Release|iPhone
		{E1503291-6B8F-4FA0-ACFB-CC9BB47714A2}.Release|iPhone.Build.0 = Release|iPhone
		{E1503291-6B8F-4FA0-ACFB-CC9BB47714A2}.Release|iPhone.Deploy.0 = Release|iPhone
		{E1503291-6B8F-4FA0-ACFB-CC9BB47714A2}.Release|iPhoneSimulator.ActiveCfg = Release|iPhoneSimulator
		{E1503291-6B8F-4FA0-ACFB-CC9BB47714A2}.Release|iPhoneSimulator.Build.0 = Release|iPhoneSimulator
		{E1503291-6B8F-4FA0-ACFB-CC9BB47714A2}.Release|iPhoneSimulator.Deploy.0 = Release|iPhoneSimulator
		{7CA02976-2E32-429B-9602-C3F598B80515}.Debug|Any CPU.ActiveCfg = Debug|Any CPU
		{7CA02976-2E32-429B-9602-C3F598B80515}.Debug|Any CPU.Build.0 = Debug|Any CPU
		{7CA02976-2E32-429B-9602-C3F598B80515}.Debug|Any CPU.Deploy.0 = Debug|Any CPU
		{7CA02976-2E32-429B-9602-C3F598B80515}.Debug|iPhone.ActiveCfg = Debug|Any CPU
		{7CA02976-2E32-429B-9602-C3F598B80515}.Debug|iPhone.Build.0 = Debug|Any CPU
		{7CA02976-2E32-429B-9602-C3F598B80515}.Debug|iPhone.Deploy.0 = Debug|Any CPU
		{7CA02976-2E32-429B-9602-C3F598B80515}.Debug|iPhoneSimulator.ActiveCfg = Debug|Any CPU
		{7CA02976-2E32-429B-9602-C3F598B80515}.Debug|iPhoneSimulator.Build.0 = Debug|Any CPU
		{7CA02976-2E32-429B-9602-C3F598B80515}.Debug|iPhoneSimulator.Deploy.0 = Debug|Any CPU
		{7CA02976-2E32-429B-9602-C3F598B80515}.Release|Any CPU.ActiveCfg = Release|Any CPU
		{7CA02976-2E32-429B-9602-C3F598B80515}.Release|Any CPU.Build.0 = Release|Any CPU
		{7CA02976-2E32-429B-9602-C3F598B80515}.Release|Any CPU.Deploy.0 = Release|Any CPU
		{7CA02976-2E32-429B-9602-C3F598B80515}.Release|iPhone.ActiveCfg = Release|Any CPU
		{7CA02976-2E32-429B-9602-C3F598B80515}.Release|iPhone.Build.0 = Release|Any CPU
		{7CA02976-2E32-429B-9602-C3F598B80515}.Release|iPhone.Deploy.0 = Release|Any CPU
		{7CA02976-2E32-429B-9602-C3F598B80515}.Release|iPhoneSimulator.ActiveCfg = Release|Any CPU
		{7CA02976-2E32-429B-9602-C3F598B80515}.Release|iPhoneSimulator.Build.0 = Release|Any CPU
		{7CA02976-2E32-429B-9602-C3F598B80515}.Release|iPhoneSimulator.Deploy.0 = Release|Any CPU
		{21548D46-C892-470B-BE5B-6789D9EE88FB}.Debug|Any CPU.ActiveCfg = Debug|Any CPU
		{21548D46-C892-470B-BE5B-6789D9EE88FB}.Debug|Any CPU.Build.0 = Debug|Any CPU
		{21548D46-C892-470B-BE5B-6789D9EE88FB}.Debug|iPhone.ActiveCfg = Debug|Any CPU
		{21548D46-C892-470B-BE5B-6789D9EE88FB}.Debug|iPhone.Build.0 = Debug|Any CPU
		{21548D46-C892-470B-BE5B-6789D9EE88FB}.Debug|iPhoneSimulator.ActiveCfg = Debug|Any CPU
		{21548D46-C892-470B-BE5B-6789D9EE88FB}.Debug|iPhoneSimulator.Build.0 = Debug|Any CPU
		{21548D46-C892-470B-BE5B-6789D9EE88FB}.Release|Any CPU.ActiveCfg = Release|Any CPU
		{21548D46-C892-470B-BE5B-6789D9EE88FB}.Release|Any CPU.Build.0 = Release|Any CPU
		{21548D46-C892-470B-BE5B-6789D9EE88FB}.Release|iPhone.ActiveCfg = Release|Any CPU
		{21548D46-C892-470B-BE5B-6789D9EE88FB}.Release|iPhone.Build.0 = Release|Any CPU
		{21548D46-C892-470B-BE5B-6789D9EE88FB}.Release|iPhoneSimulator.ActiveCfg = Release|Any CPU
		{21548D46-C892-470B-BE5B-6789D9EE88FB}.Release|iPhoneSimulator.Build.0 = Release|Any CPU
		{B42AF9FD-01B4-47E2-AB3B-69870D1FBAC0}.Debug|Any CPU.ActiveCfg = Debug|Any CPU
		{B42AF9FD-01B4-47E2-AB3B-69870D1FBAC0}.Debug|Any CPU.Build.0 = Debug|Any CPU
		{B42AF9FD-01B4-47E2-AB3B-69870D1FBAC0}.Debug|iPhone.ActiveCfg = Debug|Any CPU
		{B42AF9FD-01B4-47E2-AB3B-69870D1FBAC0}.Debug|iPhone.Build.0 = Debug|Any CPU
		{B42AF9FD-01B4-47E2-AB3B-69870D1FBAC0}.Debug|iPhoneSimulator.ActiveCfg = Debug|Any CPU
		{B42AF9FD-01B4-47E2-AB3B-69870D1FBAC0}.Debug|iPhoneSimulator.Build.0 = Debug|Any CPU
		{B42AF9FD-01B4-47E2-AB3B-69870D1FBAC0}.Release|Any CPU.ActiveCfg = Release|Any CPU
		{B42AF9FD-01B4-47E2-AB3B-69870D1FBAC0}.Release|Any CPU.Build.0 = Release|Any CPU
		{B42AF9FD-01B4-47E2-AB3B-69870D1FBAC0}.Release|iPhone.ActiveCfg = Release|Any CPU
		{B42AF9FD-01B4-47E2-AB3B-69870D1FBAC0}.Release|iPhone.Build.0 = Release|Any CPU
		{B42AF9FD-01B4-47E2-AB3B-69870D1FBAC0}.Release|iPhoneSimulator.ActiveCfg = Release|Any CPU
		{B42AF9FD-01B4-47E2-AB3B-69870D1FBAC0}.Release|iPhoneSimulator.Build.0 = Release|Any CPU
	EndGlobalSection
	GlobalSection(SolutionProperties) = preSolution
		HideSolutionNode = FALSE
	EndGlobalSection
	GlobalSection(ExtensibilityGlobals) = postSolution
		SolutionGuid = {B27F8B61-B5E5-404E-B458-32067077F2DC}
	EndGlobalSection
EndGlobal
